
Microsoft Visual Studio Solution File, Format Version 12.00
# Visual Studio Version 17
VisualStudioVersion = 17.8.34330.188
MinimumVisualStudioVersion = 10.0.40219.1
Project("{FAE04EC0-301F-11D3-BF4B-00C04F79EFBC}") = "TitleScreenCommand", "TitleScreenCommand.csproj", "{52F75662-90D3-49F6-A699-F0B0E458412A}"
EndProject
Global
	GlobalSection(SolutionConfigurationPlatforms) = preSolution
		Debug|Any CPU = Debug|Any CPU
		Release|Any CPU = Release|Any CPU
	EndGlobalSection
	GlobalSection(ProjectConfigurationPlatforms) = postSolution
		{52F75662-90D3-49F6-A699-F0B0E458412A}.Debug|Any CPU.ActiveCfg = Debug|Any CPU
		{52F75662-90D3-49F6-A699-F0B0E458412A}.Debug|Any CPU.Build.0 = Debug|Any CPU
		{52F75662-90D3-49F6-A699-F0B0E458412A}.Release|Any CPU.ActiveCfg = Release|Any CPU
		{52F75662-90D3-49F6-A699-F0B0E458412A}.Release|Any CPU.Build.0 = Release|Any CPU
	EndGlobalSection
	GlobalSection(SolutionProperties) = preSolution
		HideSolutionNode = FALSE
	EndGlobalSection
	GlobalSection(ExtensibilityGlobals) = postSolution
		SolutionGuid = {1DBCFDE0-9CF1-4820-8D71-6A958DF4BC5E}
	EndGlobalSection
EndGlobal
